
Microsoft Visual Studio Solution File, Format Version 12.00
# Visual Studio Version 16
VisualStudioVersion = 16.0.31911.196
MinimumVisualStudioVersion = 10.0.40219.1
Project("{FAE04EC0-301F-11D3-BF4B-00C04F79EFBC}") = "RenameMkv", "RenameMkv\RenameMkv.csproj", "{8F008317-3B5C-44C1-8BDE-6115C281DDF0}"
EndProject
Global
	GlobalSection(SolutionConfigurationPlatforms) = preSolution
		Debug|Any CPU = Debug|Any CPU
		Release|Any CPU = Release|Any CPU
	EndGlobalSection
	GlobalSection(ProjectConfigurationPlatforms) = postSolution
		{8F008317-3B5C-44C1-8BDE-6115C281DDF0}.Debug|Any CPU.ActiveCfg = Debug|Any CPU
		{8F008317-3B5C-44C1-8BDE-6115C281DDF0}.Debug|Any CPU.Build.0 = Debug|Any CPU
		{8F008317-3B5C-44C1-8BDE-6115C281DDF0}.Release|Any CPU.ActiveCfg = Release|Any CPU
		{8F008317-3B5C-44C1-8BDE-6115C281DDF0}.Release|Any CPU.Build.0 = Release|Any CPU
	EndGlobalSection
	GlobalSection(SolutionProperties) = preSolution
		HideSolutionNode = FALSE
	EndGlobalSection
	GlobalSection(ExtensibilityGlobals) = postSolution
		SolutionGuid = {AC1F31FB-F005-41A2-B7E3-FFB4EB904A56}
	EndGlobalSection
EndGlobal
